
Microsoft Visual Studio Solution File, Format Version 12.00
# Visual Studio Version 17
VisualStudioVersion = 17.5.33530.505
MinimumVisualStudioVersion = 10.0.40219.1
Project("{FAE04EC0-301F-11D3-BF4B-00C04F79EFBC}") = "Comparison operator by voting age", "Comparison operator by voting age\Comparison operator by voting age.csproj", "{8DCED9F3-4A16-49AA-A7E9-B86BAC74FCB8}"
EndProject
Global
	GlobalSection(SolutionConfigurationPlatforms) = preSolution
		Debug|Any CPU = Debug|Any CPU
		Release|Any CPU = Release|Any CPU
	EndGlobalSection
	GlobalSection(ProjectConfigurationPlatforms) = postSolution
		{8DCED9F3-4A16-49AA-A7E9-B86BAC74FCB8}.Debug|Any CPU.ActiveCfg = Debug|Any CPU
		{8DCED9F3-4A16-49AA-A7E9-B86BAC74FCB8}.Debug|Any CPU.Build.0 = Debug|Any CPU
		{8DCED9F3-4A16-49AA-A7E9-B86BAC74FCB8}.Release|Any CPU.ActiveCfg = Release|Any CPU
		{8DCED9F3-4A16-49AA-A7E9-B86BAC74FCB8}.Release|Any CPU.Build.0 = Release|Any CPU
	EndGlobalSection
	GlobalSection(SolutionProperties) = preSolution
		HideSolutionNode = FALSE
	EndGlobalSection
	GlobalSection(ExtensibilityGlobals) = postSolution
		SolutionGuid = {77A53819-6613-4984-93B2-615551BF54F0}
	EndGlobalSection
EndGlobal
